
Microsoft Visual Studio Solution File, Format Version 12.00
# Visual Studio Version 16
VisualStudioVersion = 16.6.30114.105
MinimumVisualStudioVersion = 10.0.40219.1
Project("{FAE04EC0-301F-11D3-BF4B-00C04F79EFBC}") = "BuildingBlocks.Api", "BuildingBlocks.Api\BuildingBlocks.Api.csproj", "{2E2EE75A-F3C2-4866-B1F8-8C121FB33C49}"
EndProject
Project("{FAE04EC0-301F-11D3-BF4B-00C04F79EFBC}") = "BuildingBlocks", "BuildingBlocks\BuildingBlocks.csproj", "{80F314AB-E2E5-4E5A-9CC3-27B3072CBFAB}"
EndProject
Project("{FAE04EC0-301F-11D3-BF4B-00C04F79EFBC}") = "BuildingBlocks.Tests", "BuildingBlocks.Tests\BuildingBlocks.Tests.csproj", "{3305CC8B-FDEC-4761-B2E5-B26AEDDD9FD2}"
EndProject
Project("{2150E333-8FDC-42A3-9474-1A3956D46DE8}") = "samples", "samples", "{B88C3F12-FCD7-40E1-8B95-61E0ABD9B128}"
EndProject
Project("{FAE04EC0-301F-11D3-BF4B-00C04F79EFBC}") = "IntegrationTests", "..\..\samples\IntegrationTests\IntegrationTests.csproj", "{3C059FA8-CE75-4F22-AB67-C41D94448011}"
EndProject
Project("{FAE04EC0-301F-11D3-BF4B-00C04F79EFBC}") = "WebApi", "..\..\samples\WebApi\WebApi.csproj", "{583A385E-C433-4F62-8C84-78E367ABD81E}"
EndProject
Project("{FAE04EC0-301F-11D3-BF4B-00C04F79EFBC}") = "ApiContracts", "ApiContracts\ApiContracts.csproj", "{C2A6A86E-3AF6-4215-8741-FC30E8352C2D}"
EndProject
Global
	GlobalSection(SolutionConfigurationPlatforms) = preSolution
		Debug|Any CPU = Debug|Any CPU
		Debug|x64 = Debug|x64
		Debug|x86 = Debug|x86
		Release|Any CPU = Release|Any CPU
		Release|x64 = Release|x64
		Release|x86 = Release|x86
	EndGlobalSection
	GlobalSection(SolutionProperties) = preSolution
		HideSolutionNode = FALSE
	EndGlobalSection
	GlobalSection(ProjectConfigurationPlatforms) = postSolution
		{2E2EE75A-F3C2-4866-B1F8-8C121FB33C49}.Debug|Any CPU.ActiveCfg = Debug|Any CPU
		{2E2EE75A-F3C2-4866-B1F8-8C121FB33C49}.Debug|Any CPU.Build.0 = Debug|Any CPU
		{2E2EE75A-F3C2-4866-B1F8-8C121FB33C49}.Debug|x64.ActiveCfg = Debug|Any CPU
		{2E2EE75A-F3C2-4866-B1F8-8C121FB33C49}.Debug|x64.Build.0 = Debug|Any CPU
		{2E2EE75A-F3C2-4866-B1F8-8C121FB33C49}.Debug|x86.ActiveCfg = Debug|Any CPU
		{2E2EE75A-F3C2-4866-B1F8-8C121FB33C49}.Debug|x86.Build.0 = Debug|Any CPU
		{2E2EE75A-F3C2-4866-B1F8-8C121FB33C49}.Release|Any CPU.ActiveCfg = Release|Any CPU
		{2E2EE75A-F3C2-4866-B1F8-8C121FB33C49}.Release|Any CPU.Build.0 = Release|Any CPU
		{2E2EE75A-F3C2-4866-B1F8-8C121FB33C49}.Release|x64.ActiveCfg = Release|Any CPU
		{2E2EE75A-F3C2-4866-B1F8-8C121FB33C49}.Release|x64.Build.0 = Release|Any CPU
		{2E2EE75A-F3C2-4866-B1F8-8C121FB33C49}.Release|x86.ActiveCfg = Release|Any CPU
		{2E2EE75A-F3C2-4866-B1F8-8C121FB33C49}.Release|x86.Build.0 = Release|Any CPU
		{80F314AB-E2E5-4E5A-9CC3-27B3072CBFAB}.Debug|Any CPU.ActiveCfg = Debug|Any CPU
		{80F314AB-E2E5-4E5A-9CC3-27B3072CBFAB}.Debug|Any CPU.Build.0 = Debug|Any CPU
		{80F314AB-E2E5-4E5A-9CC3-27B3072CBFAB}.Debug|x64.ActiveCfg = Debug|Any CPU
		{80F314AB-E2E5-4E5A-9CC3-27B3072CBFAB}.Debug|x64.Build.0 = Debug|Any CPU
		{80F314AB-E2E5-4E5A-9CC3-27B3072CBFAB}.Debug|x86.ActiveCfg = Debug|Any CPU
		{80F314AB-E2E5-4E5A-9CC3-27B3072CBFAB}.Debug|x86.Build.0 = Debug|Any CPU
		{80F314AB-E2E5-4E5A-9CC3-27B3072CBFAB}.Release|Any CPU.ActiveCfg = Release|Any CPU
		{80F314AB-E2E5-4E5A-9CC3-27B3072CBFAB}.Release|Any CPU.Build.0 = Release|Any CPU
		{80F314AB-E2E5-4E5A-9CC3-27B3072CBFAB}.Release|x64.ActiveCfg = Release|Any CPU
		{80F314AB-E2E5-4E5A-9CC3-27B3072CBFAB}.Release|x64.Build.0 = Release|Any CPU
		{80F314AB-E2E5-4E5A-9CC3-27B3072CBFAB}.Release|x86.ActiveCfg = Release|Any CPU
		{80F314AB-E2E5-4E5A-9CC3-27B3072CBFAB}.Release|x86.Build.0 = Release|Any CPU
		{3305CC8B-FDEC-4761-B2E5-B26AEDDD9FD2}.Debug|Any CPU.ActiveCfg = Debug|Any CPU
		{3305CC8B-FDEC-4761-B2E5-B26AEDDD9FD2}.Debug|Any CPU.Build.0 = Debug|Any CPU
		{3305CC8B-FDEC-4761-B2E5-B26AEDDD9FD2}.Debug|x64.ActiveCfg = Debug|Any CPU
		{3305CC8B-FDEC-4761-B2E5-B26AEDDD9FD2}.Debug|x64.Build.0 = Debug|Any CPU
		{3305CC8B-FDEC-4761-B2E5-B26AEDDD9FD2}.Debug|x86.ActiveCfg = Debug|Any CPU
		{3305CC8B-FDEC-4761-B2E5-B26AEDDD9FD2}.Debug|x86.Build.0 = Debug|Any CPU
		{3305CC8B-FDEC-4761-B2E5-B26AEDDD9FD2}.Release|Any CPU.ActiveCfg = Release|Any CPU
		{3305CC8B-FDEC-4761-B2E5-B26AEDDD9FD2}.Release|Any CPU.Build.0 = Release|Any CPU
		{3305CC8B-FDEC-4761-B2E5-B26AEDDD9FD2}.Release|x64.ActiveCfg = Release|Any CPU
		{3305CC8B-FDEC-4761-B2E5-B26AEDDD9FD2}.Release|x64.Build.0 = Release|Any CPU
		{3305CC8B-FDEC-4761-B2E5-B26AEDDD9FD2}.Release|x86.ActiveCfg = Release|Any CPU
		{3305CC8B-FDEC-4761-B2E5-B26AEDDD9FD2}.Release|x86.Build.0 = Release|Any CPU
		{3C059FA8-CE75-4F22-AB67-C41D94448011}.Debug|Any CPU.ActiveCfg = Debug|Any CPU
		{3C059FA8-CE75-4F22-AB67-C41D94448011}.Debug|Any CPU.Build.0 = Debug|Any CPU
		{3C059FA8-CE75-4F22-AB67-C41D94448011}.Debug|x64.ActiveCfg = Debug|Any CPU
		{3C059FA8-CE75-4F22-AB67-C41D94448011}.Debug|x64.Build.0 = Debug|Any CPU
		{3C059FA8-CE75-4F22-AB67-C41D94448011}.Debug|x86.ActiveCfg = Debug|Any CPU
		{3C059FA8-CE75-4F22-AB67-C41D94448011}.Debug|x86.Build.0 = Debug|Any CPU
		{3C059FA8-CE75-4F22-AB67-C41D94448011}.Release|Any CPU.ActiveCfg = Release|Any CPU
		{3C059FA8-CE75-4F22-AB67-C41D94448011}.Release|Any CPU.Build.0 = Release|Any CPU
		{3C059FA8-CE75-4F22-AB67-C41D94448011}.Release|x64.ActiveCfg = Release|Any CPU
		{3C059FA8-CE75-4F22-AB67-C41D94448011}.Release|x64.Build.0 = Release|Any CPU
		{3C059FA8-CE75-4F22-AB67-C41D94448011}.Release|x86.ActiveCfg = Release|Any CPU
		{3C059FA8-CE75-4F22-AB67-C41D94448011}.Release|x86.Build.0 = Release|Any CPU
		{583A385E-C433-4F62-8C84-78E367ABD81E}.Debug|Any CPU.ActiveCfg = Debug|Any CPU
		{583A385E-C433-4F62-8C84-78E367ABD81E}.Debug|Any CPU.Build.0 = Debug|Any CPU
		{583A385E-C433-4F62-8C84-78E367ABD81E}.Debug|x64.ActiveCfg = Debug|Any CPU
		{583A385E-C433-4F62-8C84-78E367ABD81E}.Debug|x64.Build.0 = Debug|Any CPU
		{583A385E-C433-4F62-8C84-78E367ABD81E}.Debug|x86.ActiveCfg = Debug|Any CPU
		{583A385E-C433-4F62-8C84-78E367ABD81E}.Debug|x86.Build.0 = Debug|Any CPU
		{583A385E-C433-4F62-8C84-78E367ABD81E}.Release|Any CPU.ActiveCfg = Release|Any CPU
		{583A385E-C433-4F62-8C84-78E367ABD81E}.Release|Any CPU.Build.0 = Release|Any CPU
		{583A385E-C433-4F62-8C84-78E367ABD81E}.Release|x64.ActiveCfg = Release|Any CPU
		{583A385E-C433-4F62-8C84-78E367ABD81E}.Release|x64.Build.0 = Release|Any CPU
		{583A385E-C433-4F62-8C84-78E367ABD81E}.Release|x86.ActiveCfg = Release|Any CPU
		{583A385E-C433-4F62-8C84-78E367ABD81E}.Release|x86.Build.0 = Release|Any CPU
		{C2A6A86E-3AF6-4215-8741-FC30E8352C2D}.Debug|Any CPU.ActiveCfg = Debug|Any CPU
		{C2A6A86E-3AF6-4215-8741-FC30E8352C2D}.Debug|Any CPU.Build.0 = Debug|Any CPU
		{C2A6A86E-3AF6-4215-8741-FC30E8352C2D}.Debug|x64.ActiveCfg = Debug|Any CPU
		{C2A6A86E-3AF6-4215-8741-FC30E8352C2D}.Debug|x64.Build.0 = Debug|Any CPU
		{C2A6A86E-3AF6-4215-8741-FC30E8352C2D}.Debug|x86.ActiveCfg = Debug|Any CPU
		{C2A6A86E-3AF6-4215-8741-FC30E8352C2D}.Debug|x86.Build.0 = Debug|Any CPU
		{C2A6A86E-3AF6-4215-8741-FC30E8352C2D}.Release|Any CPU.ActiveCfg = Release|Any CPU
		{C2A6A86E-3AF6-4215-8741-FC30E8352C2D}.Release|Any CPU.Build.0 = Release|Any CPU
		{C2A6A86E-3AF6-4215-8741-FC30E8352C2D}.Release|x64.ActiveCfg = Release|Any CPU
		{C2A6A86E-3AF6-4215-8741-FC30E8352C2D}.Release|x64.Build.0 = Release|Any CPU
		{C2A6A86E-3AF6-4215-8741-FC30E8352C2D}.Release|x86.ActiveCfg = Release|Any CPU
		{C2A6A86E-3AF6-4215-8741-FC30E8352C2D}.Release|x86.Build.0 = Release|Any CPU
	EndGlobalSection
	GlobalSection(NestedProjects) = preSolution
		{3C059FA8-CE75-4F22-AB67-C41D94448011} = {B88C3F12-FCD7-40E1-8B95-61E0ABD9B128}
		{583A385E-C433-4F62-8C84-78E367ABD81E} = {B88C3F12-FCD7-40E1-8B95-61E0ABD9B128}
		{C2A6A86E-3AF6-4215-8741-FC30E8352C2D} = {B88C3F12-FCD7-40E1-8B95-61E0ABD9B128}
	EndGlobalSection
EndGlobal
