
Microsoft Visual Studio Solution File, Format Version 12.00
# Visual Studio Version 16
VisualStudioVersion = 16.6.30114.105
MinimumVisualStudioVersion = 10.0.40219.1
Project("{FAE04EC0-301F-11D3-BF4B-00C04F79EFBC}") = "Bcc.WebHooks.Receivers.Members", "src\Bcc.WebHooks.Receivers.Members\Bcc.WebHooks.Receivers.Members.csproj", "{AA9CDFDF-9DC8-4BC2-91F8-2D20B430EE0D}"
EndProject
Project("{FAE04EC0-301F-11D3-BF4B-00C04F79EFBC}") = "Bcc.WebHooks.Receivers", "src\Bcc.WebHooks.Receivers\Bcc.WebHooks.Receivers.csproj", "{12D53350-F719-43B5-A29F-1929D890B815}"
EndProject
Project("{2150E333-8FDC-42A3-9474-1A3956D46DE8}") = "Samples", "Samples", "{4EB58051-A330-4F49-AE02-99243AF5104C}"
EndProject
Project("{FAE04EC0-301F-11D3-BF4B-00C04F79EFBC}") = "MembersCoreReceiver", "samples\MembersCoreReceiver\MembersCoreReceiver.csproj", "{A2329A4E-CA61-474F-98E1-92360E028416}"
EndProject
Global
	GlobalSection(SolutionConfigurationPlatforms) = preSolution
		Debug|Any CPU = Debug|Any CPU
		Debug|x64 = Debug|x64
		Debug|x86 = Debug|x86
		Release|Any CPU = Release|Any CPU
		Release|x64 = Release|x64
		Release|x86 = Release|x86
	EndGlobalSection
	GlobalSection(SolutionProperties) = preSolution
		HideSolutionNode = FALSE
	EndGlobalSection
	GlobalSection(ProjectConfigurationPlatforms) = postSolution
		{AA9CDFDF-9DC8-4BC2-91F8-2D20B430EE0D}.Debug|Any CPU.ActiveCfg = Debug|Any CPU
		{AA9CDFDF-9DC8-4BC2-91F8-2D20B430EE0D}.Debug|Any CPU.Build.0 = Debug|Any CPU
		{AA9CDFDF-9DC8-4BC2-91F8-2D20B430EE0D}.Debug|x64.ActiveCfg = Debug|Any CPU
		{AA9CDFDF-9DC8-4BC2-91F8-2D20B430EE0D}.Debug|x64.Build.0 = Debug|Any CPU
		{AA9CDFDF-9DC8-4BC2-91F8-2D20B430EE0D}.Debug|x86.ActiveCfg = Debug|Any CPU
		{AA9CDFDF-9DC8-4BC2-91F8-2D20B430EE0D}.Debug|x86.Build.0 = Debug|Any CPU
		{AA9CDFDF-9DC8-4BC2-91F8-2D20B430EE0D}.Release|Any CPU.ActiveCfg = Release|Any CPU
		{AA9CDFDF-9DC8-4BC2-91F8-2D20B430EE0D}.Release|Any CPU.Build.0 = Release|Any CPU
		{AA9CDFDF-9DC8-4BC2-91F8-2D20B430EE0D}.Release|x64.ActiveCfg = Release|Any CPU
		{AA9CDFDF-9DC8-4BC2-91F8-2D20B430EE0D}.Release|x64.Build.0 = Release|Any CPU
		{AA9CDFDF-9DC8-4BC2-91F8-2D20B430EE0D}.Release|x86.ActiveCfg = Release|Any CPU
		{AA9CDFDF-9DC8-4BC2-91F8-2D20B430EE0D}.Release|x86.Build.0 = Release|Any CPU
		{12D53350-F719-43B5-A29F-1929D890B815}.Debug|Any CPU.ActiveCfg = Debug|Any CPU
		{12D53350-F719-43B5-A29F-1929D890B815}.Debug|Any CPU.Build.0 = Debug|Any CPU
		{12D53350-F719-43B5-A29F-1929D890B815}.Debug|x64.ActiveCfg = Debug|Any CPU
		{12D53350-F719-43B5-A29F-1929D890B815}.Debug|x64.Build.0 = Debug|Any CPU
		{12D53350-F719-43B5-A29F-1929D890B815}.Debug|x86.ActiveCfg = Debug|Any CPU
		{12D53350-F719-43B5-A29F-1929D890B815}.Debug|x86.Build.0 = Debug|Any CPU
		{12D53350-F719-43B5-A29F-1929D890B815}.Release|Any CPU.ActiveCfg = Release|Any CPU
		{12D53350-F719-43B5-A29F-1929D890B815}.Release|Any CPU.Build.0 = Release|Any CPU
		{12D53350-F719-43B5-A29F-1929D890B815}.Release|x64.ActiveCfg = Release|Any CPU
		{12D53350-F719-43B5-A29F-1929D890B815}.Release|x64.Build.0 = Release|Any CPU
		{12D53350-F719-43B5-A29F-1929D890B815}.Release|x86.ActiveCfg = Release|Any CPU
		{12D53350-F719-43B5-A29F-1929D890B815}.Release|x86.Build.0 = Release|Any CPU
		{A2329A4E-CA61-474F-98E1-92360E028416}.Debug|Any CPU.ActiveCfg = Debug|Any CPU
		{A2329A4E-CA61-474F-98E1-92360E028416}.Debug|Any CPU.Build.0 = Debug|Any CPU
		{A2329A4E-CA61-474F-98E1-92360E028416}.Debug|x64.ActiveCfg = Debug|Any CPU
		{A2329A4E-CA61-474F-98E1-92360E028416}.Debug|x64.Build.0 = Debug|Any CPU
		{A2329A4E-CA61-474F-98E1-92360E028416}.Debug|x86.ActiveCfg = Debug|Any CPU
		{A2329A4E-CA61-474F-98E1-92360E028416}.Debug|x86.Build.0 = Debug|Any CPU
		{A2329A4E-CA61-474F-98E1-92360E028416}.Release|Any CPU.ActiveCfg = Release|Any CPU
		{A2329A4E-CA61-474F-98E1-92360E028416}.Release|Any CPU.Build.0 = Release|Any CPU
		{A2329A4E-CA61-474F-98E1-92360E028416}.Release|x64.ActiveCfg = Release|Any CPU
		{A2329A4E-CA61-474F-98E1-92360E028416}.Release|x64.Build.0 = Release|Any CPU
		{A2329A4E-CA61-474F-98E1-92360E028416}.Release|x86.ActiveCfg = Release|Any CPU
		{A2329A4E-CA61-474F-98E1-92360E028416}.Release|x86.Build.0 = Release|Any CPU
	EndGlobalSection
	GlobalSection(NestedProjects) = preSolution
		{A2329A4E-CA61-474F-98E1-92360E028416} = {4EB58051-A330-4F49-AE02-99243AF5104C}
	EndGlobalSection
EndGlobal
